// !$*UTF8*$!
{
	archiveVersion = 1;
	classes = {
	};
	objectVersion = 56;
	objects = {

/* Begin PBXBuildFile section */
		9BA118CC29F7BD210050A55C /* AppDelegate.swift in Sources */ = {isa = PBXBuildFile; fileRef = 9BA118CB29F7BD210050A55C /* AppDelegate.swift */; };
		9BA118CE29F7BD210050A55C /* SceneDelegate.swift in Sources */ = {isa = PBXBuildFile; fileRef = 9BA118CD29F7BD210050A55C /* SceneDelegate.swift */; };
		9BA118D029F7BD210050A55C /* RMTabBarController.swift in Sources */ = {isa = PBXBuildFile; fileRef = 9BA118CF29F7BD210050A55C /* RMTabBarController.swift */; };
		9BA118D529F7BD230050A55C /* Assets.xcassets in Resources */ = {isa = PBXBuildFile; fileRef = 9BA118D429F7BD230050A55C /* Assets.xcassets */; };
		9BA118D829F7BD230050A55C /* LaunchScreen.storyboard in Resources */ = {isa = PBXBuildFile; fileRef = 9BA118D629F7BD230050A55C /* LaunchScreen.storyboard */; };
		9BA118E729F7C19D0050A55C /* RMLocation.swift in Sources */ = {isa = PBXBuildFile; fileRef = 9BA118E629F7C19D0050A55C /* RMLocation.swift */; };
		9BA118E929F7C1AD0050A55C /* RMCharacter.swift in Sources */ = {isa = PBXBuildFile; fileRef = 9BA118E829F7C1AD0050A55C /* RMCharacter.swift */; };
		9BA118EB29F7C6F20050A55C /* RMEpisode.swift in Sources */ = {isa = PBXBuildFile; fileRef = 9BA118EA29F7C6F20050A55C /* RMEpisode.swift */; };
		9BA118EE29F7C7E30050A55C /* RMCharacterViewController.swift in Sources */ = {isa = PBXBuildFile; fileRef = 9BA118ED29F7C7E30050A55C /* RMCharacterViewController.swift */; };
		9BA118F029F7C8510050A55C /* RMLocationViewController.swift in Sources */ = {isa = PBXBuildFile; fileRef = 9BA118EF29F7C8510050A55C /* RMLocationViewController.swift */; };
		9BA118F229F7C9730050A55C /* RMEpisodeViewController.swift in Sources */ = {isa = PBXBuildFile; fileRef = 9BA118F129F7C9730050A55C /* RMEpisodeViewController.swift */; };
		9BA118F429F7C9FC0050A55C /* RMSettingsViewController.swift in Sources */ = {isa = PBXBuildFile; fileRef = 9BA118F329F7C9FC0050A55C /* RMSettingsViewController.swift */; };
		9BA1190429F936B70050A55C /* RMService.swift in Sources */ = {isa = PBXBuildFile; fileRef = 9BA1190329F936B70050A55C /* RMService.swift */; };
		9BA1190629F936CB0050A55C /* RMRequest.swift in Sources */ = {isa = PBXBuildFile; fileRef = 9BA1190529F936CB0050A55C /* RMRequest.swift */; };
		9BA1190829F9372E0050A55C /* RMEndpoint.swift in Sources */ = {isa = PBXBuildFile; fileRef = 9BA1190729F9372D0050A55C /* RMEndpoint.swift */; };
		9BA1190A29FA5A840050A55C /* RMOrigin.swift in Sources */ = {isa = PBXBuildFile; fileRef = 9BA1190929FA5A840050A55C /* RMOrigin.swift */; };
		9BA1190C29FA5B430050A55C /* RMSingleLocation.swift in Sources */ = {isa = PBXBuildFile; fileRef = 9BA1190B29FA5B430050A55C /* RMSingleLocation.swift */; };
		9BA1190E29FA5D950050A55C /* RMCharacterStatus.swift in Sources */ = {isa = PBXBuildFile; fileRef = 9BA1190D29FA5D950050A55C /* RMCharacterStatus.swift */; };
		9BA1191029FA5EDC0050A55C /* RMCharacterGender.swift in Sources */ = {isa = PBXBuildFile; fileRef = 9BA1190F29FA5EDC0050A55C /* RMCharacterGender.swift */; };
/* End PBXBuildFile section */

/* Begin PBXFileReference section */
		9BA118C829F7BD210050A55C /* RickAndMorty.app */ = {isa = PBXFileReference; explicitFileType = wrapper.application; includeInIndex = 0; path = RickAndMorty.app; sourceTree = BUILT_PRODUCTS_DIR; };
		9BA118CB29F7BD210050A55C /* AppDelegate.swift */ = {isa = PBXFileReference; lastKnownFileType = sourcecode.swift; path = AppDelegate.swift; sourceTree = "<group>"; };
		9BA118CD29F7BD210050A55C /* SceneDelegate.swift */ = {isa = PBXFileReference; lastKnownFileType = sourcecode.swift; path = SceneDelegate.swift; sourceTree = "<group>"; };
		9BA118CF29F7BD210050A55C /* RMTabBarController.swift */ = {isa = PBXFileReference; lastKnownFileType = sourcecode.swift; path = RMTabBarController.swift; sourceTree = "<group>"; };
		9BA118D429F7BD230050A55C /* Assets.xcassets */ = {isa = PBXFileReference; lastKnownFileType = folder.assetcatalog; path = Assets.xcassets; sourceTree = "<group>"; };
		9BA118D729F7BD230050A55C /* Base */ = {isa = PBXFileReference; lastKnownFileType = file.storyboard; name = Base; path = Base.lproj/LaunchScreen.storyboard; sourceTree = "<group>"; };
		9BA118D929F7BD230050A55C /* Info.plist */ = {isa = PBXFileReference; lastKnownFileType = text.plist.xml; path = Info.plist; sourceTree = "<group>"; };
		9BA118E629F7C19D0050A55C /* RMLocation.swift */ = {isa = PBXFileReference; lastKnownFileType = sourcecode.swift; path = RMLocation.swift; sourceTree = "<group>"; };
		9BA118E829F7C1AD0050A55C /* RMCharacter.swift */ = {isa = PBXFileReference; lastKnownFileType = sourcecode.swift; path = RMCharacter.swift; sourceTree = "<group>"; };
		9BA118EA29F7C6F20050A55C /* RMEpisode.swift */ = {isa = PBXFileReference; lastKnownFileType = sourcecode.swift; path = RMEpisode.swift; sourceTree = "<group>"; };
		9BA118ED29F7C7E30050A55C /* RMCharacterViewController.swift */ = {isa = PBXFileReference; lastKnownFileType = sourcecode.swift; path = RMCharacterViewController.swift; sourceTree = "<group>"; };
		9BA118EF29F7C8510050A55C /* RMLocationViewController.swift */ = {isa = PBXFileReference; lastKnownFileType = sourcecode.swift; path = RMLocationViewController.swift; sourceTree = "<group>"; };
		9BA118F129F7C9730050A55C /* RMEpisodeViewController.swift */ = {isa = PBXFileReference; lastKnownFileType = sourcecode.swift; path = RMEpisodeViewController.swift; sourceTree = "<group>"; };
		9BA118F329F7C9FC0050A55C /* RMSettingsViewController.swift */ = {isa = PBXFileReference; lastKnownFileType = sourcecode.swift; path = RMSettingsViewController.swift; sourceTree = "<group>"; };
		9BA1190329F936B70050A55C /* RMService.swift */ = {isa = PBXFileReference; lastKnownFileType = sourcecode.swift; path = RMService.swift; sourceTree = "<group>"; };
		9BA1190529F936CB0050A55C /* RMRequest.swift */ = {isa = PBXFileReference; lastKnownFileType = sourcecode.swift; path = RMRequest.swift; sourceTree = "<group>"; };
		9BA1190729F9372D0050A55C /* RMEndpoint.swift */ = {isa = PBXFileReference; lastKnownFileType = sourcecode.swift; path = RMEndpoint.swift; sourceTree = "<group>"; };
		9BA1190929FA5A840050A55C /* RMOrigin.swift */ = {isa = PBXFileReference; lastKnownFileType = sourcecode.swift; path = RMOrigin.swift; sourceTree = "<group>"; };
		9BA1190B29FA5B430050A55C /* RMSingleLocation.swift */ = {isa = PBXFileReference; lastKnownFileType = sourcecode.swift; path = RMSingleLocation.swift; sourceTree = "<group>"; };
		9BA1190D29FA5D950050A55C /* RMCharacterStatus.swift */ = {isa = PBXFileReference; lastKnownFileType = sourcecode.swift; path = RMCharacterStatus.swift; sourceTree = "<group>"; };
		9BA1190F29FA5EDC0050A55C /* RMCharacterGender.swift */ = {isa = PBXFileReference; lastKnownFileType = sourcecode.swift; path = RMCharacterGender.swift; sourceTree = "<group>"; };
/* End PBXFileReference section */

/* Begin PBXFrameworksBuildPhase section */
		9BA118C529F7BD210050A55C /* Frameworks */ = {
			isa = PBXFrameworksBuildPhase;
			buildActionMask = 2147483647;
			files = (
			);
			runOnlyForDeploymentPostprocessing = 0;
		};
/* End PBXFrameworksBuildPhase section */

/* Begin PBXGroup section */
		9BA118BF29F7BD210050A55C = {
			isa = PBXGroup;
			children = (
				9BA118CA29F7BD210050A55C /* RickAndMorty */,
				9BA118C929F7BD210050A55C /* Products */,
			);
			sourceTree = "<group>";
		};
		9BA118C929F7BD210050A55C /* Products */ = {
			isa = PBXGroup;
			children = (
				9BA118C829F7BD210050A55C /* RickAndMorty.app */,
			);
			name = Products;
			sourceTree = "<group>";
		};
		9BA118CA29F7BD210050A55C /* RickAndMorty */ = {
			isa = PBXGroup;
			children = (
				9BA118E529F7C0400050A55C /* Resources */,
				9BA118FF29F936290050A55C /* Managers */,
				9BA1190029F936330050A55C /* APIClient */,
				9BA1190129F936400050A55C /* ViewModels */,
				9BA1190229F9364F0050A55C /* Views */,
				9BA118E029F7BF940050A55C /* Models */,
				9BA118DF29F7BF730050A55C /* Controllers */,
				9BA118D929F7BD230050A55C /* Info.plist */,
			);
			path = RickAndMorty;
			sourceTree = "<group>";
		};
		9BA118DF29F7BF730050A55C /* Controllers */ = {
			isa = PBXGroup;
			children = (
				9BA118EC29F7C7B70050A55C /* Core */,
			);
			path = Controllers;
			sourceTree = "<group>";
		};
		9BA118E029F7BF940050A55C /* Models */ = {
			isa = PBXGroup;
			children = (
				9BA118E629F7C19D0050A55C /* RMLocation.swift */,
				9BA118E829F7C1AD0050A55C /* RMCharacter.swift */,
				9BA118EA29F7C6F20050A55C /* RMEpisode.swift */,
				9BA1190929FA5A840050A55C /* RMOrigin.swift */,
				9BA1190B29FA5B430050A55C /* RMSingleLocation.swift */,
				9BA1190D29FA5D950050A55C /* RMCharacterStatus.swift */,
				9BA1190F29FA5EDC0050A55C /* RMCharacterGender.swift */,
			);
			path = Models;
			sourceTree = "<group>";
		};
		9BA118E529F7C0400050A55C /* Resources */ = {
			isa = PBXGroup;
			children = (
				9BA118CB29F7BD210050A55C /* AppDelegate.swift */,
				9BA118CD29F7BD210050A55C /* SceneDelegate.swift */,
				9BA118D429F7BD230050A55C /* Assets.xcassets */,
				9BA118D629F7BD230050A55C /* LaunchScreen.storyboard */,
			);
			path = Resources;
			sourceTree = "<group>";
		};
		9BA118EC29F7C7B70050A55C /* Core */ = {
			isa = PBXGroup;
			children = (
				9BA118ED29F7C7E30050A55C /* RMCharacterViewController.swift */,
				9BA118CF29F7BD210050A55C /* RMTabBarController.swift */,
				9BA118EF29F7C8510050A55C /* RMLocationViewController.swift */,
				9BA118F129F7C9730050A55C /* RMEpisodeViewController.swift */,
				9BA118F329F7C9FC0050A55C /* RMSettingsViewController.swift */,
			);
			path = Core;
			sourceTree = "<group>";
		};
		9BA118FF29F936290050A55C /* Managers */ = {
			isa = PBXGroup;
			children = (
			);
			path = Managers;
			sourceTree = "<group>";
		};
		9BA1190029F936330050A55C /* APIClient */ = {
			isa = PBXGroup;
			children = (
				9BA1190329F936B70050A55C /* RMService.swift */,
				9BA1190529F936CB0050A55C /* RMRequest.swift */,
				9BA1190729F9372D0050A55C /* RMEndpoint.swift */,
			);
			path = APIClient;
			sourceTree = "<group>";
		};
		9BA1190129F936400050A55C /* ViewModels */ = {
			isa = PBXGroup;
			children = (
			);
			path = ViewModels;
			sourceTree = "<group>";
		};
		9BA1190229F9364F0050A55C /* Views */ = {
			isa = PBXGroup;
			children = (
			);
			path = Views;
			sourceTree = "<group>";
		};
/* End PBXGroup section */

/* Begin PBXNativeTarget section */
		9BA118C729F7BD210050A55C /* RickAndMorty */ = {
			isa = PBXNativeTarget;
			buildConfigurationList = 9BA118DC29F7BD230050A55C /* Build configuration list for PBXNativeTarget "RickAndMorty" */;
			buildPhases = (
				9BA118C429F7BD210050A55C /* Sources */,
				9BA118C529F7BD210050A55C /* Frameworks */,
				9BA118C629F7BD210050A55C /* Resources */,
			);
			buildRules = (
			);
			dependencies = (
			);
			name = RickAndMorty;
			productName = RickAndMorty;
			productReference = 9BA118C829F7BD210050A55C /* RickAndMorty.app */;
			productType = "com.apple.product-type.application";
		};
/* End PBXNativeTarget section */

/* Begin PBXProject section */
		9BA118C029F7BD210050A55C /* Project object */ = {
			isa = PBXProject;
			attributes = {
				BuildIndependentTargetsInParallel = 1;
				LastSwiftUpdateCheck = 1420;
				LastUpgradeCheck = 1420;
				TargetAttributes = {
					9BA118C729F7BD210050A55C = {
						CreatedOnToolsVersion = 14.2;
					};
				};
			};
			buildConfigurationList = 9BA118C329F7BD210050A55C /* Build configuration list for PBXProject "RickAndMorty" */;
			compatibilityVersion = "Xcode 14.0";
			developmentRegion = en;
			hasScannedForEncodings = 0;
			knownRegions = (
				en,
				Base,
			);
			mainGroup = 9BA118BF29F7BD210050A55C;
			productRefGroup = 9BA118C929F7BD210050A55C /* Products */;
			projectDirPath = "";
			projectRoot = "";
			targets = (
				9BA118C729F7BD210050A55C /* RickAndMorty */,
			);
		};
/* End PBXProject section */

/* Begin PBXResourcesBuildPhase section */
		9BA118C629F7BD210050A55C /* Resources */ = {
			isa = PBXResourcesBuildPhase;
			buildActionMask = 2147483647;
			files = (
				9BA118D829F7BD230050A55C /* LaunchScreen.storyboard in Resources */,
				9BA118D529F7BD230050A55C /* Assets.xcassets in Resources */,
			);
			runOnlyForDeploymentPostprocessing = 0;
		};
/* End PBXResourcesBuildPhase section */

/* Begin PBXSourcesBuildPhase section */
		9BA118C429F7BD210050A55C /* Sources */ = {
			isa = PBXSourcesBuildPhase;
			buildActionMask = 2147483647;
			files = (
				9BA1190A29FA5A840050A55C /* RMOrigin.swift in Sources */,
				9BA1190C29FA5B430050A55C /* RMSingleLocation.swift in Sources */,
				9BA1190E29FA5D950050A55C /* RMCharacterStatus.swift in Sources */,
				9BA1191029FA5EDC0050A55C /* RMCharacterGender.swift in Sources */,
				9BA118F029F7C8510050A55C /* RMLocationViewController.swift in Sources */,
				9BA118EB29F7C6F20050A55C /* RMEpisode.swift in Sources */,
				9BA118D029F7BD210050A55C /* RMTabBarController.swift in Sources */,
				9BA118F229F7C9730050A55C /* RMEpisodeViewController.swift in Sources */,
				9BA118EE29F7C7E30050A55C /* RMCharacterViewController.swift in Sources */,
				9BA118CC29F7BD210050A55C /* AppDelegate.swift in Sources */,
				9BA118F429F7C9FC0050A55C /* RMSettingsViewController.swift in Sources */,
				9BA1190429F936B70050A55C /* RMService.swift in Sources */,
				9BA118CE29F7BD210050A55C /* SceneDelegate.swift in Sources */,
				9BA1190829F9372E0050A55C /* RMEndpoint.swift in Sources */,
				9BA118E729F7C19D0050A55C /* RMLocation.swift in Sources */,
				9BA1190629F936CB0050A55C /* RMRequest.swift in Sources */,
				9BA118E929F7C1AD0050A55C /* RMCharacter.swift in Sources */,
			);
			runOnlyForDeploymentPostprocessing = 0;
		};
/* End PBXSourcesBuildPhase section */

/* Begin PBXVariantGroup section */
		9BA118D629F7BD230050A55C /* LaunchScreen.storyboard */ = {
			isa = PBXVariantGroup;
			children = (
				9BA118D729F7BD230050A55C /* Base */,
			);
			name = LaunchScreen.storyboard;
			sourceTree = "<group>";
		};
/* End PBXVariantGroup section */

/* Begin XCBuildConfiguration section */
		9BA118DA29F7BD230050A55C /* Debug */ = {
			isa = XCBuildConfiguration;
			buildSettings = {
				ALWAYS_SEARCH_USER_PATHS = NO;
				CLANG_ANALYZER_NONNULL = YES;
				CLANG_ANALYZER_NUMBER_OBJECT_CONVERSION = YES_AGGRESSIVE;
				CLANG_CXX_LANGUAGE_STANDARD = "gnu++20";
				CLANG_ENABLE_MODULES = YES;
				CLANG_ENABLE_OBJC_ARC = YES;
				CLANG_ENABLE_OBJC_WEAK = YES;
				CLANG_WARN_BLOCK_CAPTURE_AUTORELEASING = YES;
				CLANG_WARN_BOOL_CONVERSION = YES;
				CLANG_WARN_COMMA = YES;
				CLANG_WARN_CONSTANT_CONVERSION = YES;
				CLANG_WARN_DEPRECATED_OBJC_IMPLEMENTATIONS = YES;
				CLANG_WARN_DIRECT_OBJC_ISA_USAGE = YES_ERROR;
				CLANG_WARN_DOCUMENTATION_COMMENTS = YES;
				CLANG_WARN_EMPTY_BODY = YES;
				CLANG_WARN_ENUM_CONVERSION = YES;
				CLANG_WARN_INFINITE_RECURSION = YES;
				CLANG_WARN_INT_CONVERSION = YES;
				CLANG_WARN_NON_LITERAL_NULL_CONVERSION = YES;
				CLANG_WARN_OBJC_IMPLICIT_RETAIN_SELF = YES;
				CLANG_WARN_OBJC_LITERAL_CONVERSION = YES;
				CLANG_WARN_OBJC_ROOT_CLASS = YES_ERROR;
				CLANG_WARN_QUOTED_INCLUDE_IN_FRAMEWORK_HEADER = YES;
				CLANG_WARN_RANGE_LOOP_ANALYSIS = YES;
				CLANG_WARN_STRICT_PROTOTYPES = YES;
				CLANG_WARN_SUSPICIOUS_MOVE = YES;
				CLANG_WARN_UNGUARDED_AVAILABILITY = YES_AGGRESSIVE;
				CLANG_WARN_UNREACHABLE_CODE = YES;
				CLANG_WARN__DUPLICATE_METHOD_MATCH = YES;
				COPY_PHASE_STRIP = NO;
				DEBUG_INFORMATION_FORMAT = dwarf;
				ENABLE_STRICT_OBJC_MSGSEND = YES;
				ENABLE_TESTABILITY = YES;
				GCC_C_LANGUAGE_STANDARD = gnu11;
				GCC_DYNAMIC_NO_PIC = NO;
				GCC_NO_COMMON_BLOCKS = YES;
				GCC_OPTIMIZATION_LEVEL = 0;
				GCC_PREPROCESSOR_DEFINITIONS = (
					"DEBUG=1",
					"$(inherited)",
				);
				GCC_WARN_64_TO_32_BIT_CONVERSION = YES;
				GCC_WARN_ABOUT_RETURN_TYPE = YES_ERROR;
				GCC_WARN_UNDECLARED_SELECTOR = YES;
				GCC_WARN_UNINITIALIZED_AUTOS = YES_AGGRESSIVE;
				GCC_WARN_UNUSED_FUNCTION = YES;
				GCC_WARN_UNUSED_VARIABLE = YES;
				IPHONEOS_DEPLOYMENT_TARGET = 16.2;
				MTL_ENABLE_DEBUG_INFO = INCLUDE_SOURCE;
				MTL_FAST_MATH = YES;
				ONLY_ACTIVE_ARCH = YES;
				SDKROOT = iphoneos;
				SWIFT_ACTIVE_COMPILATION_CONDITIONS = DEBUG;
				SWIFT_OPTIMIZATION_LEVEL = "-Onone";
			};
			name = Debug;
		};
		9BA118DB29F7BD230050A55C /* Release */ = {
			isa = XCBuildConfiguration;
			buildSettings = {
				ALWAYS_SEARCH_USER_PATHS = NO;
				CLANG_ANALYZER_NONNULL = YES;
				CLANG_ANALYZER_NUMBER_OBJECT_CONVERSION = YES_AGGRESSIVE;
				CLANG_CXX_LANGUAGE_STANDARD = "gnu++20";
				CLANG_ENABLE_MODULES = YES;
				CLANG_ENABLE_OBJC_ARC = YES;
				CLANG_ENABLE_OBJC_WEAK = YES;
				CLANG_WARN_BLOCK_CAPTURE_AUTORELEASING = YES;
				CLANG_WARN_BOOL_CONVERSION = YES;
				CLANG_WARN_COMMA = YES;
				CLANG_WARN_CONSTANT_CONVERSION = YES;
				CLANG_WARN_DEPRECATED_OBJC_IMPLEMENTATIONS = YES;
				CLANG_WARN_DIRECT_OBJC_ISA_USAGE = YES_ERROR;
				CLANG_WARN_DOCUMENTATION_COMMENTS = YES;
				CLANG_WARN_EMPTY_BODY = YES;
				CLANG_WARN_ENUM_CONVERSION = YES;
				CLANG_WARN_INFINITE_RECURSION = YES;
				CLANG_WARN_INT_CONVERSION = YES;
				CLANG_WARN_NON_LITERAL_NULL_CONVERSION = YES;
				CLANG_WARN_OBJC_IMPLICIT_RETAIN_SELF = YES;
				CLANG_WARN_OBJC_LITERAL_CONVERSION = YES;
				CLANG_WARN_OBJC_ROOT_CLASS = YES_ERROR;
				CLANG_WARN_QUOTED_INCLUDE_IN_FRAMEWORK_HEADER = YES;
				CLANG_WARN_RANGE_LOOP_ANALYSIS = YES;
				CLANG_WARN_STRICT_PROTOTYPES = YES;
				CLANG_WARN_SUSPICIOUS_MOVE = YES;
				CLANG_WARN_UNGUARDED_AVAILABILITY = YES_AGGRESSIVE;
				CLANG_WARN_UNREACHABLE_CODE = YES;
				CLANG_WARN__DUPLICATE_METHOD_MATCH = YES;
				COPY_PHASE_STRIP = NO;
				DEBUG_INFORMATION_FORMAT = "dwarf-with-dsym";
				ENABLE_NS_ASSERTIONS = NO;
				ENABLE_STRICT_OBJC_MSGSEND = YES;
				GCC_C_LANGUAGE_STANDARD = gnu11;
				GCC_NO_COMMON_BLOCKS = YES;
				GCC_WARN_64_TO_32_BIT_CONVERSION = YES;
				GCC_WARN_ABOUT_RETURN_TYPE = YES_ERROR;
				GCC_WARN_UNDECLARED_SELECTOR = YES;
				GCC_WARN_UNINITIALIZED_AUTOS = YES_AGGRESSIVE;
				GCC_WARN_UNUSED_FUNCTION = YES;
				GCC_WARN_UNUSED_VARIABLE = YES;
				IPHONEOS_DEPLOYMENT_TARGET = 16.2;
				MTL_ENABLE_DEBUG_INFO = NO;
				MTL_FAST_MATH = YES;
				SDKROOT = iphoneos;
				SWIFT_COMPILATION_MODE = wholemodule;
				SWIFT_OPTIMIZATION_LEVEL = "-O";
				VALIDATE_PRODUCT = YES;
			};
			name = Release;
		};
		9BA118DD29F7BD230050A55C /* Debug */ = {
			isa = XCBuildConfiguration;
			buildSettings = {
				ASSETCATALOG_COMPILER_APPICON_NAME = AppIcon;
				ASSETCATALOG_COMPILER_GLOBAL_ACCENT_COLOR_NAME = AccentColor;
				CODE_SIGN_STYLE = Automatic;
				CURRENT_PROJECT_VERSION = 1;
				DEVELOPMENT_TEAM = WLXXV3U2UG;
				GENERATE_INFOPLIST_FILE = YES;
				INFOPLIST_FILE = RickAndMorty/Info.plist;
				INFOPLIST_KEY_UIApplicationSupportsIndirectInputEvents = YES;
				INFOPLIST_KEY_UILaunchStoryboardName = LaunchScreen;
				INFOPLIST_KEY_UISupportedInterfaceOrientations_iPad = "UIInterfaceOrientationPortrait UIInterfaceOrientationPortraitUpsideDown UIInterfaceOrientationLandscapeLeft UIInterfaceOrientationLandscapeRight";
				INFOPLIST_KEY_UISupportedInterfaceOrientations_iPhone = "UIInterfaceOrientationPortrait UIInterfaceOrientationLandscapeLeft UIInterfaceOrientationLandscapeRight";
				LD_RUNPATH_SEARCH_PATHS = (
					"$(inherited)",
					"@executable_path/Frameworks",
				);
				MARKETING_VERSION = 1.0;
				PRODUCT_BUNDLE_IDENTIFIER = SaintP.RickAndMorty;
				PRODUCT_NAME = "$(TARGET_NAME)";
				SWIFT_EMIT_LOC_STRINGS = YES;
				SWIFT_VERSION = 5.0;
				TARGETED_DEVICE_FAMILY = "1,2";
			};
			name = Debug;
		};
		9BA118DE29F7BD230050A55C /* Release */ = {
			isa = XCBuildConfiguration;
			buildSettings = {
				ASSETCATALOG_COMPILER_APPICON_NAME = AppIcon;
				ASSETCATALOG_COMPILER_GLOBAL_ACCENT_COLOR_NAME = AccentColor;
				CODE_SIGN_STYLE = Automatic;
				CURRENT_PROJECT_VERSION = 1;
				DEVELOPMENT_TEAM = WLXXV3U2UG;
				GENERATE_INFOPLIST_FILE = YES;
				INFOPLIST_FILE = RickAndMorty/Info.plist;
				INFOPLIST_KEY_UIApplicationSupportsIndirectInputEvents = YES;
				INFOPLIST_KEY_UILaunchStoryboardName = LaunchScreen;
				INFOPLIST_KEY_UISupportedInterfaceOrientations_iPad = "UIInterfaceOrientationPortrait UIInterfaceOrientationPortraitUpsideDown UIInterfaceOrientationLandscapeLeft UIInterfaceOrientationLandscapeRight";
				INFOPLIST_KEY_UISupportedInterfaceOrientations_iPhone = "UIInterfaceOrientationPortrait UIInterfaceOrientationLandscapeLeft UIInterfaceOrientationLandscapeRight";
				LD_RUNPATH_SEARCH_PATHS = (
					"$(inherited)",
					"@executable_path/Frameworks",
				);
				MARKETING_VERSION = 1.0;
				PRODUCT_BUNDLE_IDENTIFIER = SaintP.RickAndMorty;
				PRODUCT_NAME = "$(TARGET_NAME)";
				SWIFT_EMIT_LOC_STRINGS = YES;
				SWIFT_VERSION = 5.0;
				TARGETED_DEVICE_FAMILY = "1,2";
			};
			name = Release;
		};
/* End XCBuildConfiguration section */

/* Begin XCConfigurationList section */
		9BA118C329F7BD210050A55C /* Build configuration list for PBXProject "RickAndMorty" */ = {
			isa = XCConfigurationList;
			buildConfigurations = (
				9BA118DA29F7BD230050A55C /* Debug */,
				9BA118DB29F7BD230050A55C /* Release */,
			);
			defaultConfigurationIsVisible = 0;
			defaultConfigurationName = Release;
		};
		9BA118DC29F7BD230050A55C /* Build configuration list for PBXNativeTarget "RickAndMorty" */ = {
			isa = XCConfigurationList;
			buildConfigurations = (
				9BA118DD29F7BD230050A55C /* Debug */,
				9BA118DE29F7BD230050A55C /* Release */,
			);
			defaultConfigurationIsVisible = 0;
			defaultConfigurationName = Release;
		};
/* End XCConfigurationList section */
	};
	rootObject = 9BA118C029F7BD210050A55C /* Project object */;
}
